
Microsoft Visual Studio Solution File, Format Version 12.00
# Visual Studio 15
VisualStudioVersion = 15.0.27703.2000
MinimumVisualStudioVersion = 10.0.40219.1
Project("{FAE04EC0-301F-11D3-BF4B-00C04F79EFBC}") = "ReportConverterToPDF", "ReportConverterToPDF\ReportConverterToPDF.csproj", "{5D7E6F35-9573-439C-A917-74854685D0CA}"
EndProject
Project("{54435603-DBB4-11D2-8724-00A0C9A8B90C}") = "Setup", "Setup\Setup.vdproj", "{5BDD21BA-D7E1-411F-89E0-2E0BE1DBA66E}"
EndProject
Global
	GlobalSection(SolutionConfigurationPlatforms) = preSolution
		Debug|Any CPU = Debug|Any CPU
		Release|Any CPU = Release|Any CPU
	EndGlobalSection
	GlobalSection(ProjectConfigurationPlatforms) = postSolution
		{5D7E6F35-9573-439C-A917-74854685D0CA}.Debug|Any CPU.ActiveCfg = Debug|Any CPU
		{5D7E6F35-9573-439C-A917-74854685D0CA}.Debug|Any CPU.Build.0 = Debug|Any CPU
		{5D7E6F35-9573-439C-A917-74854685D0CA}.Release|Any CPU.ActiveCfg = Release|Any CPU
		{5D7E6F35-9573-439C-A917-74854685D0CA}.Release|Any CPU.Build.0 = Release|Any CPU
		{5BDD21BA-D7E1-411F-89E0-2E0BE1DBA66E}.Debug|Any CPU.ActiveCfg = Debug
		{5BDD21BA-D7E1-411F-89E0-2E0BE1DBA66E}.Release|Any CPU.ActiveCfg = Release
		{5BDD21BA-D7E1-411F-89E0-2E0BE1DBA66E}.Release|Any CPU.Build.0 = Release
	EndGlobalSection
	GlobalSection(SolutionProperties) = preSolution
		HideSolutionNode = FALSE
	EndGlobalSection
	GlobalSection(ExtensibilityGlobals) = postSolution
		SolutionGuid = {A012DD7E-7231-4F1B-9A47-468375C96449}
	EndGlobalSection
EndGlobal
